
Microsoft Visual Studio Solution File, Format Version 12.00
# Visual Studio Version 17
VisualStudioVersion = 17.9.34902.65
MinimumVisualStudioVersion = 10.0.40219.1
Project("{FAE04EC0-301F-11D3-BF4B-00C04F79EFBC}") = "TrackingApp", "TrackingApp\TrackingApp.csproj", "{552D5F54-4EF1-410C-8D20-45B75DEBAD92}"
EndProject
Global
	GlobalSection(SolutionConfigurationPlatforms) = preSolution
		Debug|Any CPU = Debug|Any CPU
		Release|Any CPU = Release|Any CPU
	EndGlobalSection
	GlobalSection(ProjectConfigurationPlatforms) = postSolution
		{552D5F54-4EF1-410C-8D20-45B75DEBAD92}.Debug|Any CPU.ActiveCfg = Debug|Any CPU
		{552D5F54-4EF1-410C-8D20-45B75DEBAD92}.Debug|Any CPU.Build.0 = Debug|Any CPU
		{552D5F54-4EF1-410C-8D20-45B75DEBAD92}.Debug|Any CPU.Deploy.0 = Debug|Any CPU
		{552D5F54-4EF1-410C-8D20-45B75DEBAD92}.Release|Any CPU.ActiveCfg = Release|Any CPU
		{552D5F54-4EF1-410C-8D20-45B75DEBAD92}.Release|Any CPU.Build.0 = Release|Any CPU
		{552D5F54-4EF1-410C-8D20-45B75DEBAD92}.Release|Any CPU.Deploy.0 = Release|Any CPU
	EndGlobalSection
	GlobalSection(SolutionProperties) = preSolution
		HideSolutionNode = FALSE
	EndGlobalSection
	GlobalSection(ExtensibilityGlobals) = postSolution
		SolutionGuid = {4E043D6F-2F9A-483C-A7CA-956FF3555218}
	EndGlobalSection
EndGlobal
